
Microsoft Visual Studio Solution File, Format Version 12.00
# Visual Studio Version 16
VisualStudioVersion = 16.0.29215.179
MinimumVisualStudioVersion = 10.0.40219.1
Project("{FAE04EC0-301F-11D3-BF4B-00C04F79EFBC}") = "addressbook-web-tests", "addressbook-web-tests.csproj", "{A645C15F-87BD-4EFE-8957-DB8A1A71919C}"
EndProject
Global
	GlobalSection(SolutionConfigurationPlatforms) = preSolution
		Debug|Any CPU = Debug|Any CPU
		Release|Any CPU = Release|Any CPU
	EndGlobalSection
	GlobalSection(ProjectConfigurationPlatforms) = postSolution
		{A645C15F-87BD-4EFE-8957-DB8A1A71919C}.Debug|Any CPU.ActiveCfg = Debug|Any CPU
		{A645C15F-87BD-4EFE-8957-DB8A1A71919C}.Debug|Any CPU.Build.0 = Debug|Any CPU
		{A645C15F-87BD-4EFE-8957-DB8A1A71919C}.Release|Any CPU.ActiveCfg = Release|Any CPU
		{A645C15F-87BD-4EFE-8957-DB8A1A71919C}.Release|Any CPU.Build.0 = Release|Any CPU
	EndGlobalSection
	GlobalSection(SolutionProperties) = preSolution
		HideSolutionNode = FALSE
	EndGlobalSection
	GlobalSection(ExtensibilityGlobals) = postSolution
		SolutionGuid = {B2FBD6C4-4EB0-4631-9BED-BC644E077B67}
	EndGlobalSection
EndGlobal
